# THIS IS AN AUTOGENERATED FILE. DO NOT EDIT THIS FILE DIRECTLY.
# yarn lockfile v1


"@react-native/normalize-color@^2.1.0":
  version "2.1.0"
  resolved "https://registry.yarnpkg.com/@react-native/normalize-color/-/normalize-color-2.1.0.tgz#939b87a9849e81687d3640c5efa2a486ac266f91"
  integrity sha512-Z1jQI2NpdFJCVgpY+8Dq/Bt3d+YUi1928Q+/CZm/oh66fzM0RUl54vvuXlPJKybH4pdCZey1eDTPaLHkMPNgWA==

"@tamagui/compose-refs@1.101.0":
  version "1.101.0"
  resolved "https://registry.yarnpkg.com/@tamagui/compose-refs/-/compose-refs-1.101.0.tgz#21fd76310d248649d0656f645da92f353c5b0be9"
  integrity sha512-CUTwlXOPedTGIq6KlRLVpy13KvQ2nVxrYAlIjtCduNCMuG6TM9VSV2OgysiqbDUWV7DhJMlQZCwfSY4uFzhA5Q==

"@tamagui/constants@1.101.0":
  version "1.101.0"
  resolved "https://registry.yarnpkg.com/@tamagui/constants/-/constants-1.101.0.tgz#4ddd11ab645b525fae47e54d14171c8bebb9d34a"
  integrity sha512-xvo0lq82xIn1VGWY+0S6cYBbAmIHC+ax0b+FvcTmA0sTgVjVBhDpzUIBa9/VfZRjZD9bXjS6l8FJEsymTdaaSA==

"@tamagui/core@1.101.0":
  version "1.101.0"
  resolved "https://registry.yarnpkg.com/@tamagui/core/-/core-1.101.0.tgz#4358bb303938d880d1e5142025f7355f1e8076c6"
  integrity sha512-fXFjfQJqzlOz2moUvadZhkGpW3Nhptu2dLEt9wTzmwNTbnjfE5g8Q53drHhk4AxuY+v7QpzPeBb+3caOzy7T9w==
  dependencies:
    "@tamagui/react-native-use-pressable" "1.101.0"
    "@tamagui/react-native-use-responder-events" "1.101.0"
    "@tamagui/use-event" "1.101.0"
    "@tamagui/web" "1.101.0"

"@tamagui/helpers-icon@1.101.0":
  version "1.101.0"
  resolved "https://registry.yarnpkg.com/@tamagui/helpers-icon/-/helpers-icon-1.101.0.tgz#3dfa304f1d59fa25e90fc9cd863639af202e35a2"
  integrity sha512-eDeBGYtEhyVcfE140ybS5Ck/jtvqnzLpt+szkVzNrc3662hjhnXG2RysJSU77rDNVDgQunIEg08mww1in9+9eg==
  dependencies:
    "@tamagui/core" "1.101.0"

"@tamagui/helpers@1.101.0":
  version "1.101.0"
  resolved "https://registry.yarnpkg.com/@tamagui/helpers/-/helpers-1.101.0.tgz#87d31fe78389be86e705d981913ef025c5b49c43"
  integrity sha512-TOFde0huL+3efmAgp9ATAtDZb9tjBIfj67RDHx0KyrSDj4vOpGKaYORXz7+6p1PSfNc3AYk+TLBT+HFE5GZnRw==
  dependencies:
    "@tamagui/constants" "1.101.0"
    "@tamagui/simple-hash" "1.101.0"

"@tamagui/lucide-icons@^1.101.0":
  version "1.101.0"
  resolved "https://registry.yarnpkg.com/@tamagui/lucide-icons/-/lucide-icons-1.101.0.tgz#1b593b3ba31682abe66f25f97ae0fc9940fb6bee"
  integrity sha512-uCKcLiO0gUrs9D+mVoX3B+Uv1Xcv5c3t/aGe5PYTrWBCDs9vzBJ/Jr8g934PYv6KDZilQWPWTW2R8q3dx06NRw==
  dependencies:
    "@tamagui/core" "1.101.0"
    "@tamagui/helpers-icon" "1.101.0"

"@tamagui/normalize-css-color@1.101.0":
  version "1.101.0"
  resolved "https://registry.yarnpkg.com/@tamagui/normalize-css-color/-/normalize-css-color-1.101.0.tgz#5c5d3979fccabe767114282089f84ad3da44c35d"
  integrity sha512-WQJKHkFgmtaLvanwqiairpaYe+yQBvFlpcvNbolhcHon/ZOc6/KUYCT0Zkr1vEBxqzHzVGB63sSa+ERTTY8+ew==
  dependencies:
    "@react-native/normalize-color" "^2.1.0"

"@tamagui/react-native-use-pressable@1.101.0":
  version "1.101.0"
  resolved "https://registry.yarnpkg.com/@tamagui/react-native-use-pressable/-/react-native-use-pressable-1.101.0.tgz#a9ca2e8fc1ccdee731311509d3e873f8368765b2"
  integrity sha512-oA/Qb4J9MNIxQkrkQlEvWNod183eirefsXegNXZRlrldl9+Ji5Uhy7Ag+hoOK+PtESmz07EF+KWfHMsWWUh1Ag==

"@tamagui/react-native-use-responder-events@1.101.0":
  version "1.101.0"
  resolved "https://registry.yarnpkg.com/@tamagui/react-native-use-responder-events/-/react-native-use-responder-events-1.101.0.tgz#80f48ed5010f8077168f174440f67e079a03f530"
  integrity sha512-fg+LJqzv3EObu4wMHHCrnz6yAjAg4B/eRQRkowjLYI8N296O4MBTFrlu/mi2q0b1CDtnJD/vIGu6HTtj6dMqbQ==

"@tamagui/simple-hash@1.101.0":
  version "1.101.0"
  resolved "https://registry.yarnpkg.com/@tamagui/simple-hash/-/simple-hash-1.101.0.tgz#4fe3c3f390ef4beface685022a55c7d655f1c5cc"
  integrity sha512-KXzs6iU0x4yAMmYOjJifkQwoQFcLFyNxo1LdsYg2dod+GORUs70Ts5aLDbc2NodloxbnXvfHjYbP11idNq3bMQ==

"@tamagui/timer@1.101.0":
  version "1.101.0"
  resolved "https://registry.yarnpkg.com/@tamagui/timer/-/timer-1.101.0.tgz#d3d89ae5cbb509492029893643677514fbda1d1c"
  integrity sha512-XhM27GcH6DCd2+xlFJGic0ebBVImv+l94bTX5KdZV1XHBBKEr+3Ifdf6cwLpNZ8nTdJP2GKSZEpaqctipLBz5g==

"@tamagui/types@1.101.0":
  version "1.101.0"
  resolved "https://registry.yarnpkg.com/@tamagui/types/-/types-1.101.0.tgz#50dda777f46797fe6a199fb4b04690a483f3afda"
  integrity sha512-ax/9rx03DTjJVS3rdUdySA1WBHM25XmuPDcBWbCZr9ZB2FkrFJRLXa5lKV1hu+usLMATT8JhevxPzVSqDIMAVQ==

"@tamagui/use-did-finish-ssr@1.101.0":
  version "1.101.0"
  resolved "https://registry.yarnpkg.com/@tamagui/use-did-finish-ssr/-/use-did-finish-ssr-1.101.0.tgz#3c03514a2e627a52f60d38c7fb14d7342bcc468b"
  integrity sha512-J01QAepfPbmel0ixpAET4QQ7vFNIn5xVmYiL+/NNSgTNz4vm/7N6mDgIK7rIrW2drckA5ygTafsbc5fEJhdFMg==
  dependencies:
    "@tamagui/constants" "1.101.0"

"@tamagui/use-event@1.101.0":
  version "1.101.0"
  resolved "https://registry.yarnpkg.com/@tamagui/use-event/-/use-event-1.101.0.tgz#1cdeeeefb57a69baf255c8b5825c1b0a14115c1d"
  integrity sha512-vNtPsNaJbO6D8q9XlHDccFLaj8qSbixGTsBKkFQvEq4Cx66ZZoUZBD7UGQLMHOMKSVNQEm9QkRNLiqjaMX7ibw==
  dependencies:
    "@tamagui/constants" "1.101.0"

"@tamagui/use-force-update@1.101.0":
  version "1.101.0"
  resolved "https://registry.yarnpkg.com/@tamagui/use-force-update/-/use-force-update-1.101.0.tgz#ecb4822107db38eae4535c39f7a173d788ddf260"
  integrity sha512-JN0cP5KgNQuQWcvtXo2zsb8i4emLzk5KhcU3tm8rSLIweC2yOPneBeODQ+vSX5sXeF9c8Hkj3eMdk0ZGTNw3Eg==

"@tamagui/web@1.101.0":
  version "1.101.0"
  resolved "https://registry.yarnpkg.com/@tamagui/web/-/web-1.101.0.tgz#8c070764a88ab7c20d85b725df0708cd536fdf0a"
  integrity sha512-S2u+zvx28WMxy4GPm1Xo+7u72oCtd5ETtErfL3kdprNJFOfF8tonaNqtHinYPrbX7uPrxldTa9FVyKrBLJlCew==
  dependencies:
    "@tamagui/compose-refs" "1.101.0"
    "@tamagui/constants" "1.101.0"
    "@tamagui/helpers" "1.101.0"
    "@tamagui/normalize-css-color" "1.101.0"
    "@tamagui/timer" "1.101.0"
    "@tamagui/types" "1.101.0"
    "@tamagui/use-did-finish-ssr" "1.101.0"
    "@tamagui/use-event" "1.101.0"
    "@tamagui/use-force-update" "1.101.0"

boolbase@^1.0.0:
  version "1.0.0"
  resolved "https://registry.yarnpkg.com/boolbase/-/boolbase-1.0.0.tgz#68dff5fbe60c51eb37725ea9e3ed310dcc1e776e"
  integrity sha512-JZOSA7Mo9sNGB8+UjSgzdLtokWAky1zbztM3WRLCbZ70/3cTANmQmOdR7y2g+J0e2WXywy1yS468tY+IruqEww==

css-select@^5.1.0:
  version "5.1.0"
  resolved "https://registry.yarnpkg.com/css-select/-/css-select-5.1.0.tgz#b8ebd6554c3637ccc76688804ad3f6a6fdaea8a6"
  integrity sha512-nwoRF1rvRRnnCqqY7updORDsuqKzqYJ28+oSMaJMMgOauh3fvwHqMS7EZpIPqK8GL+g9mKxF1vP/ZjSeNjEVHg==
  dependencies:
    boolbase "^1.0.0"
    css-what "^6.1.0"
    domhandler "^5.0.2"
    domutils "^3.0.1"
    nth-check "^2.0.1"

css-tree@^1.1.3:
  version "1.1.3"
  resolved "https://registry.yarnpkg.com/css-tree/-/css-tree-1.1.3.tgz#eb4870fb6fd7707327ec95c2ff2ab09b5e8db91d"
  integrity sha512-tRpdppF7TRazZrjJ6v3stzv93qxRcSsFmW6cX0Zm2NVKpxE1WV1HblnghVv9TreireHkqI/VDEsfolRF1p6y7Q==
  dependencies:
    mdn-data "2.0.14"
    source-map "^0.6.1"

css-what@^6.1.0:
  version "6.1.0"
  resolved "https://registry.yarnpkg.com/css-what/-/css-what-6.1.0.tgz#fb5effcf76f1ddea2c81bdfaa4de44e79bac70f4"
  integrity sha512-HTUrgRJ7r4dsZKU6GjmpfRK1O76h97Z8MfS1G0FozR+oF2kG6Vfe8JE6zwrkbxigziPHinCJ+gCPjA9EaBDtRw==

dom-serializer@^2.0.0:
  version "2.0.0"
  resolved "https://registry.yarnpkg.com/dom-serializer/-/dom-serializer-2.0.0.tgz#e41b802e1eedf9f6cae183ce5e622d789d7d8e53"
  integrity sha512-wIkAryiqt/nV5EQKqQpo3SToSOV9J0DnbJqwK7Wv/Trc92zIAYZ4FlMu+JPFW1DfGFt81ZTCGgDEabffXeLyJg==
  dependencies:
    domelementtype "^2.3.0"
    domhandler "^5.0.2"
    entities "^4.2.0"

domelementtype@^2.3.0:
  version "2.3.0"
  resolved "https://registry.yarnpkg.com/domelementtype/-/domelementtype-2.3.0.tgz#5c45e8e869952626331d7aab326d01daf65d589d"
  integrity sha512-OLETBj6w0OsagBwdXnPdN0cnMfF9opN69co+7ZrbfPGrdpPVNBUj02spi6B1N7wChLQiPn4CSH/zJvXw56gmHw==

domhandler@^5.0.2, domhandler@^5.0.3:
  version "5.0.3"
  resolved "https://registry.yarnpkg.com/domhandler/-/domhandler-5.0.3.tgz#cc385f7f751f1d1fc650c21374804254538c7d31"
  integrity sha512-cgwlv/1iFQiFnU96XXgROh8xTeetsnJiDsTc7TYCLFd9+/WNkIqPTxiM/8pSd8VIrhXGTf1Ny1q1hquVqDJB5w==
  dependencies:
    domelementtype "^2.3.0"

domutils@^3.0.1:
  version "3.1.0"
  resolved "https://registry.yarnpkg.com/domutils/-/domutils-3.1.0.tgz#c47f551278d3dc4b0b1ab8cbb42d751a6f0d824e"
  integrity sha512-H78uMmQtI2AhgDJjWeQmHwJJ2bLPD3GMmO7Zja/ZZh84wkm+4ut+IUnUdRa8uCGX88DiVx1j6FRe1XfxEgjEZA==
  dependencies:
    dom-serializer "^2.0.0"
    domelementtype "^2.3.0"
    domhandler "^5.0.3"

entities@^4.2.0:
  version "4.5.0"
  resolved "https://registry.yarnpkg.com/entities/-/entities-4.5.0.tgz#5d268ea5e7113ec74c4d033b79ea5a35a488fb48"
  integrity sha512-V0hjH4dGPh9Ao5p0MoRY6BVqtwCjhz6vI5LT8AJ55H+4g9/4vbHx1I54fS0XuclLhDHArPQCiMjDxjaL8fPxhw==

mdn-data@2.0.14:
  version "2.0.14"
  resolved "https://registry.yarnpkg.com/mdn-data/-/mdn-data-2.0.14.tgz#7113fc4281917d63ce29b43446f701e68c25ba50"
  integrity sha512-dn6wd0uw5GsdswPFfsgMp5NSB0/aDe6fK94YJV/AJDYXL6HVLWBsxeq7js7Ad+mU2K9LAlwpk6kN2D5mwCPVow==

nth-check@^2.0.1:
  version "2.1.1"
  resolved "https://registry.yarnpkg.com/nth-check/-/nth-check-2.1.1.tgz#c9eab428effce36cd6b92c924bdb000ef1f1ed1d"
  integrity sha512-lqjrjmaOoAnWfMmBPL+XNnynZh2+swxiX3WUE0s4yEHI6m+AwrK2UZOimIRl3X/4QctVqS8AiZjFqyOGrMXb/w==
  dependencies:
    boolbase "^1.0.0"

react-native-svg@^15.3.0:
  version "15.3.0"
  resolved "https://registry.yarnpkg.com/react-native-svg/-/react-native-svg-15.3.0.tgz#e24b833fe330714c99f1dd894bb0da52ad859a4c"
  integrity sha512-mBHu/fdlzUbpGX8SZFxgbKvK/sgqLfDLP8uh8G7Us+zJgdjO8OSEeqHQs+kPRdQmdLJQiqPJX2WXgCl7ToTWqw==
  dependencies:
    css-select "^5.1.0"
    css-tree "^1.1.3"

source-map@^0.6.1:
  version "0.6.1"
  resolved "https://registry.yarnpkg.com/source-map/-/source-map-0.6.1.tgz#74722af32e9614e9c287a8d0bbde48b5e2f1a263"
  integrity sha512-UjgapumWlbMhkBgzT7Ykc5YXUT46F0iKu8SGXq0bcwP5dz/h0Plj6enJqjz1Zbq2l5WaqYnrVbwWOWMyF3F47g==
